
Microsoft Visual Studio Solution File, Format Version 12.00
# Visual Studio Version 17
VisualStudioVersion = 17.14.36616.10
MinimumVisualStudioVersion = 10.0.40219.1
Project("{FAE04EC0-301F-11D3-BF4B-00C04F79EFBC}") = "DespachoJuridicoDESIMVC", "DespachoJuridicoDESIMVC\DespachoJuridicoDESIMVC.csproj", "{25FE7313-D690-4FF0-95D3-4AFE2F9ADD61}"
EndProject
Project("{FAE04EC0-301F-11D3-BF4B-00C04F79EFBC}") = "DespachoJuridicoDESIWebApi", "DespachoJuridicoDESIWebApi\DespachoJuridicoDESIWebApi.csproj", "{EAC9D013-6DC4-4860-9C84-62CE79189591}"
EndProject
Project("{2150E333-8FDC-42A3-9474-1A3956D46DE8}") = "Back", "Back", "{02EA681E-C7D8-13C7-8484-4AC65E1B71E8}"
EndProject
Project("{2150E333-8FDC-42A3-9474-1A3956D46DE8}") = "Front", "Front", "{7F146D75-AEAD-4ABE-9351-B04BDFD074FD}"
EndProject
Project("{2150E333-8FDC-42A3-9474-1A3956D46DE8}") = "InfrastructureCommon", "InfrastructureCommon", "{0D8C299B-3071-48CE-A404-B17EB9A3D49A}"
EndProject
Project("{2150E333-8FDC-42A3-9474-1A3956D46DE8}") = "DomainCommonModel", "DomainCommonModel", "{5E69C363-3126-49AD-AD3D-495B086F19E5}"
EndProject
Project("{2150E333-8FDC-42A3-9474-1A3956D46DE8}") = "Helpers", "Helpers", "{2FB25BAE-E6D7-4942-862A-7DA33EA5D36E}"
EndProject
Project("{FAE04EC0-301F-11D3-BF4B-00C04F79EFBC}") = "SqlProxy", "SqlProxy\SqlProxy.csproj", "{3E912F1B-A544-46A0-BE23-AA4D8043125C}"
EndProject
Project("{FAE04EC0-301F-11D3-BF4B-00C04F79EFBC}") = "Common.Domain", "Common.Domain\Common.Domain.csproj", "{32430AC5-C0F5-4AA7-9773-263AA67D5E54}"
EndProject
Project("{2150E333-8FDC-42A3-9474-1A3956D46DE8}") = "Autentication", "Autentication", "{D5916149-0084-488E-8434-89EDA363D58F}"
EndProject
Project("{2150E333-8FDC-42A3-9474-1A3956D46DE8}") = "Application", "Application", "{ACF87FF9-744B-4783-B252-11FC7F4DB6E2}"
EndProject
Project("{2150E333-8FDC-42A3-9474-1A3956D46DE8}") = "DomainModel", "DomainModel", "{E6070EE9-EFD8-42C5-A690-E68BD63A6C31}"
EndProject
Project("{2150E333-8FDC-42A3-9474-1A3956D46DE8}") = "Infrastructure", "Infrastructure", "{970A7243-754C-4EA0-85E7-9DA351D6884D}"
EndProject
Project("{2150E333-8FDC-42A3-9474-1A3956D46DE8}") = "Messages", "Messages", "{F3D5E10D-6870-4280-9F38-002F1A85F506}"
EndProject
Project("{FAE04EC0-301F-11D3-BF4B-00C04F79EFBC}") = "User.Domain", "User.Domain\User.Domain.csproj", "{F20C3D87-EBE3-417D-88D0-3160E69CA2CC}"
EndProject
Project("{FAE04EC0-301F-11D3-BF4B-00C04F79EFBC}") = "User.Proxy", "User.Proxy\User.Proxy.csproj", "{D684BC59-4674-4360-A6CA-D5D0BEFB7D9C}"
EndProject
Project("{FAE04EC0-301F-11D3-BF4B-00C04F79EFBC}") = "User.Application", "User.Application\User.Application.csproj", "{E621C36B-886B-47B4-AF91-57F79D158E99}"
EndProject
Project("{FAE04EC0-301F-11D3-BF4B-00C04F79EFBC}") = "User.Messages", "User.Messages\User.Messages.csproj", "{2C7F8F0D-209D-4A2C-A896-58CD441707CE}"
EndProject
Project("{2150E333-8FDC-42A3-9474-1A3956D46DE8}") = "Catalog", "Catalog", "{5FD99F75-4C34-4EDC-A828-6ECB3E275F86}"
EndProject
Project("{2150E333-8FDC-42A3-9474-1A3956D46DE8}") = "Application", "Application", "{16CBCB51-80A7-4D2B-B4FE-6793F891A726}"
EndProject
Project("{2150E333-8FDC-42A3-9474-1A3956D46DE8}") = "DomainModel", "DomainModel", "{A94F4F0F-9FDF-48BF-81ED-171308DE853D}"
EndProject
Project("{2150E333-8FDC-42A3-9474-1A3956D46DE8}") = "Infrastructure", "Infrastructure", "{A29BB0E7-BA8D-42FF-9A20-5F294250E03A}"
EndProject
Project("{2150E333-8FDC-42A3-9474-1A3956D46DE8}") = "Messages", "Messages", "{B1A09D0D-7D9B-43BF-BF3E-3746F6888C55}"
EndProject
Project("{FAE04EC0-301F-11D3-BF4B-00C04F79EFBC}") = "Catalog.Application", "Catalog.Application\Catalog.Application.csproj", "{99211BC6-5341-4FE7-9F43-3E625A60325A}"
EndProject
Project("{FAE04EC0-301F-11D3-BF4B-00C04F79EFBC}") = "Catalog.Domain", "Catalog.Domain\Catalog.Domain.csproj", "{BA396AE5-BF4D-4E28-99AC-0B0565A9B715}"
EndProject
Project("{FAE04EC0-301F-11D3-BF4B-00C04F79EFBC}") = "Catalog.Proxy", "Catalog.Proxy\Catalog.Proxy.csproj", "{265873D5-8AF9-48DC-91DE-0495AAB63533}"
EndProject
Project("{FAE04EC0-301F-11D3-BF4B-00C04F79EFBC}") = "Catalog.Messages", "Catalog.Messages\Catalog.Messages.csproj", "{499C38BA-8254-4B26-970F-C97C88E139FB}"
EndProject
Project("{2150E333-8FDC-42A3-9474-1A3956D46DE8}") = "Customer", "Customer", "{F7525CE9-046C-4D63-AE1F-48386F8B35D9}"
EndProject
Project("{2150E333-8FDC-42A3-9474-1A3956D46DE8}") = "Application", "Application", "{159317B2-4CE3-4897-BA61-CE40CF30133C}"
EndProject
Project("{2150E333-8FDC-42A3-9474-1A3956D46DE8}") = "DomainModel", "DomainModel", "{E4518C36-4696-40D2-9579-866D529FCF2A}"
EndProject
Project("{2150E333-8FDC-42A3-9474-1A3956D46DE8}") = "Infrastructure", "Infrastructure", "{58064A3D-41DC-4127-A78D-0924EDC8312E}"
EndProject
Project("{2150E333-8FDC-42A3-9474-1A3956D46DE8}") = "Messages", "Messages", "{12024253-3FAC-4C2B-846E-A31E20AFFCBF}"
EndProject
Project("{FAE04EC0-301F-11D3-BF4B-00C04F79EFBC}") = "Customer.Domain", "Customer.Domain\Customer.Domain.csproj", "{A5166C66-7B79-459D-A490-72145CF74268}"
EndProject
Project("{FAE04EC0-301F-11D3-BF4B-00C04F79EFBC}") = "Customer.Proxy", "Customer.Proxy\Customer.Proxy.csproj", "{545C903A-5A32-49EB-8B96-E3BD6E0B78C4}"
EndProject
Project("{FAE04EC0-301F-11D3-BF4B-00C04F79EFBC}") = "Customer.Application", "Customer.Application\Customer.Application.csproj", "{645725B2-5EC1-45DF-9FF9-FB04D5A5569A}"
EndProject
Project("{FAE04EC0-301F-11D3-BF4B-00C04F79EFBC}") = "Customer.Messages", "Customer.Messages\Customer.Messages.csproj", "{18FA4410-9EEC-4631-B179-6B01ED5998AA}"
EndProject
Project("{2150E333-8FDC-42A3-9474-1A3956D46DE8}") = "Case", "Case", "{F7105DF1-E604-48FA-A89F-A9C483BB7148}"
EndProject
Project("{2150E333-8FDC-42A3-9474-1A3956D46DE8}") = "Application", "Application", "{FAE68677-C2DE-4837-8840-043636818055}"
EndProject
Project("{2150E333-8FDC-42A3-9474-1A3956D46DE8}") = "DomainModel", "DomainModel", "{E56B6241-0CC9-47CD-93FA-247C353E2804}"
EndProject
Project("{2150E333-8FDC-42A3-9474-1A3956D46DE8}") = "Infrastructure", "Infrastructure", "{859453C8-31A2-4717-8F7B-9F8B7FDFBBB3}"
EndProject
Project("{2150E333-8FDC-42A3-9474-1A3956D46DE8}") = "Messages", "Messages", "{4C63C5C8-B996-4A17-A96A-38911793846A}"
EndProject
Project("{FAE04EC0-301F-11D3-BF4B-00C04F79EFBC}") = "Case.Domain", "Case.Domain\Case.Domain.csproj", "{A9813BD1-C657-443D-A029-1535CFEF2F42}"
EndProject
Project("{FAE04EC0-301F-11D3-BF4B-00C04F79EFBC}") = "Case.Proxy", "Case.Proxy\Case.Proxy.csproj", "{66AE9E6F-CE95-4A65-B47A-1D70A4BE8AB8}"
EndProject
Project("{FAE04EC0-301F-11D3-BF4B-00C04F79EFBC}") = "Case.Application", "Case.Application\Case.Application.csproj", "{3560C5CE-FAF6-4A6C-8117-35FF37593FF2}"
EndProject
Global
	GlobalSection(SolutionConfigurationPlatforms) = preSolution
		Debug|Any CPU = Debug|Any CPU
		Release|Any CPU = Release|Any CPU
	EndGlobalSection
	GlobalSection(ProjectConfigurationPlatforms) = postSolution
		{25FE7313-D690-4FF0-95D3-4AFE2F9ADD61}.Debug|Any CPU.ActiveCfg = Debug|Any CPU
		{25FE7313-D690-4FF0-95D3-4AFE2F9ADD61}.Debug|Any CPU.Build.0 = Debug|Any CPU
		{25FE7313-D690-4FF0-95D3-4AFE2F9ADD61}.Release|Any CPU.ActiveCfg = Release|Any CPU
		{25FE7313-D690-4FF0-95D3-4AFE2F9ADD61}.Release|Any CPU.Build.0 = Release|Any CPU
		{EAC9D013-6DC4-4860-9C84-62CE79189591}.Debug|Any CPU.ActiveCfg = Debug|Any CPU
		{EAC9D013-6DC4-4860-9C84-62CE79189591}.Debug|Any CPU.Build.0 = Debug|Any CPU
		{EAC9D013-6DC4-4860-9C84-62CE79189591}.Release|Any CPU.ActiveCfg = Release|Any CPU
		{EAC9D013-6DC4-4860-9C84-62CE79189591}.Release|Any CPU.Build.0 = Release|Any CPU
		{3E912F1B-A544-46A0-BE23-AA4D8043125C}.Debug|Any CPU.ActiveCfg = Debug|Any CPU
		{3E912F1B-A544-46A0-BE23-AA4D8043125C}.Debug|Any CPU.Build.0 = Debug|Any CPU
		{3E912F1B-A544-46A0-BE23-AA4D8043125C}.Release|Any CPU.ActiveCfg = Release|Any CPU
		{3E912F1B-A544-46A0-BE23-AA4D8043125C}.Release|Any CPU.Build.0 = Release|Any CPU
		{32430AC5-C0F5-4AA7-9773-263AA67D5E54}.Debug|Any CPU.ActiveCfg = Debug|Any CPU
		{32430AC5-C0F5-4AA7-9773-263AA67D5E54}.Debug|Any CPU.Build.0 = Debug|Any CPU
		{32430AC5-C0F5-4AA7-9773-263AA67D5E54}.Release|Any CPU.ActiveCfg = Release|Any CPU
		{32430AC5-C0F5-4AA7-9773-263AA67D5E54}.Release|Any CPU.Build.0 = Release|Any CPU
		{F20C3D87-EBE3-417D-88D0-3160E69CA2CC}.Debug|Any CPU.ActiveCfg = Debug|Any CPU
		{F20C3D87-EBE3-417D-88D0-3160E69CA2CC}.Debug|Any CPU.Build.0 = Debug|Any CPU
		{F20C3D87-EBE3-417D-88D0-3160E69CA2CC}.Release|Any CPU.ActiveCfg = Release|Any CPU
		{F20C3D87-EBE3-417D-88D0-3160E69CA2CC}.Release|Any CPU.Build.0 = Release|Any CPU
		{D684BC59-4674-4360-A6CA-D5D0BEFB7D9C}.Debug|Any CPU.ActiveCfg = Debug|Any CPU
		{D684BC59-4674-4360-A6CA-D5D0BEFB7D9C}.Debug|Any CPU.Build.0 = Debug|Any CPU
		{D684BC59-4674-4360-A6CA-D5D0BEFB7D9C}.Release|Any CPU.ActiveCfg = Release|Any CPU
		{D684BC59-4674-4360-A6CA-D5D0BEFB7D9C}.Release|Any CPU.Build.0 = Release|Any CPU
		{E621C36B-886B-47B4-AF91-57F79D158E99}.Debug|Any CPU.ActiveCfg = Debug|Any CPU
		{E621C36B-886B-47B4-AF91-57F79D158E99}.Debug|Any CPU.Build.0 = Debug|Any CPU
		{E621C36B-886B-47B4-AF91-57F79D158E99}.Release|Any CPU.ActiveCfg = Release|Any CPU
		{E621C36B-886B-47B4-AF91-57F79D158E99}.Release|Any CPU.Build.0 = Release|Any CPU
		{2C7F8F0D-209D-4A2C-A896-58CD441707CE}.Debug|Any CPU.ActiveCfg = Debug|Any CPU
		{2C7F8F0D-209D-4A2C-A896-58CD441707CE}.Debug|Any CPU.Build.0 = Debug|Any CPU
		{2C7F8F0D-209D-4A2C-A896-58CD441707CE}.Release|Any CPU.ActiveCfg = Release|Any CPU
		{2C7F8F0D-209D-4A2C-A896-58CD441707CE}.Release|Any CPU.Build.0 = Release|Any CPU
		{99211BC6-5341-4FE7-9F43-3E625A60325A}.Debug|Any CPU.ActiveCfg = Debug|Any CPU
		{99211BC6-5341-4FE7-9F43-3E625A60325A}.Debug|Any CPU.Build.0 = Debug|Any CPU
		{99211BC6-5341-4FE7-9F43-3E625A60325A}.Release|Any CPU.ActiveCfg = Release|Any CPU
		{99211BC6-5341-4FE7-9F43-3E625A60325A}.Release|Any CPU.Build.0 = Release|Any CPU
		{BA396AE5-BF4D-4E28-99AC-0B0565A9B715}.Debug|Any CPU.ActiveCfg = Debug|Any CPU
		{BA396AE5-BF4D-4E28-99AC-0B0565A9B715}.Debug|Any CPU.Build.0 = Debug|Any CPU
		{BA396AE5-BF4D-4E28-99AC-0B0565A9B715}.Release|Any CPU.ActiveCfg = Release|Any CPU
		{BA396AE5-BF4D-4E28-99AC-0B0565A9B715}.Release|Any CPU.Build.0 = Release|Any CPU
		{265873D5-8AF9-48DC-91DE-0495AAB63533}.Debug|Any CPU.ActiveCfg = Debug|Any CPU
		{265873D5-8AF9-48DC-91DE-0495AAB63533}.Debug|Any CPU.Build.0 = Debug|Any CPU
		{265873D5-8AF9-48DC-91DE-0495AAB63533}.Release|Any CPU.ActiveCfg = Release|Any CPU
		{265873D5-8AF9-48DC-91DE-0495AAB63533}.Release|Any CPU.Build.0 = Release|Any CPU
		{499C38BA-8254-4B26-970F-C97C88E139FB}.Debug|Any CPU.ActiveCfg = Debug|Any CPU
		{499C38BA-8254-4B26-970F-C97C88E139FB}.Debug|Any CPU.Build.0 = Debug|Any CPU
		{499C38BA-8254-4B26-970F-C97C88E139FB}.Release|Any CPU.ActiveCfg = Release|Any CPU
		{499C38BA-8254-4B26-970F-C97C88E139FB}.Release|Any CPU.Build.0 = Release|Any CPU
		{A5166C66-7B79-459D-A490-72145CF74268}.Debug|Any CPU.ActiveCfg = Debug|Any CPU
		{A5166C66-7B79-459D-A490-72145CF74268}.Debug|Any CPU.Build.0 = Debug|Any CPU
		{A5166C66-7B79-459D-A490-72145CF74268}.Release|Any CPU.ActiveCfg = Release|Any CPU
		{A5166C66-7B79-459D-A490-72145CF74268}.Release|Any CPU.Build.0 = Release|Any CPU
		{545C903A-5A32-49EB-8B96-E3BD6E0B78C4}.Debug|Any CPU.ActiveCfg = Debug|Any CPU
		{545C903A-5A32-49EB-8B96-E3BD6E0B78C4}.Debug|Any CPU.Build.0 = Debug|Any CPU
		{545C903A-5A32-49EB-8B96-E3BD6E0B78C4}.Release|Any CPU.ActiveCfg = Release|Any CPU
		{545C903A-5A32-49EB-8B96-E3BD6E0B78C4}.Release|Any CPU.Build.0 = Release|Any CPU
		{645725B2-5EC1-45DF-9FF9-FB04D5A5569A}.Debug|Any CPU.ActiveCfg = Debug|Any CPU
		{645725B2-5EC1-45DF-9FF9-FB04D5A5569A}.Debug|Any CPU.Build.0 = Debug|Any CPU
		{645725B2-5EC1-45DF-9FF9-FB04D5A5569A}.Release|Any CPU.ActiveCfg = Release|Any CPU
		{645725B2-5EC1-45DF-9FF9-FB04D5A5569A}.Release|Any CPU.Build.0 = Release|Any CPU
		{18FA4410-9EEC-4631-B179-6B01ED5998AA}.Debug|Any CPU.ActiveCfg = Debug|Any CPU
		{18FA4410-9EEC-4631-B179-6B01ED5998AA}.Debug|Any CPU.Build.0 = Debug|Any CPU
		{18FA4410-9EEC-4631-B179-6B01ED5998AA}.Release|Any CPU.ActiveCfg = Release|Any CPU
		{18FA4410-9EEC-4631-B179-6B01ED5998AA}.Release|Any CPU.Build.0 = Release|Any CPU
		{A9813BD1-C657-443D-A029-1535CFEF2F42}.Debug|Any CPU.ActiveCfg = Debug|Any CPU
		{A9813BD1-C657-443D-A029-1535CFEF2F42}.Debug|Any CPU.Build.0 = Debug|Any CPU
		{A9813BD1-C657-443D-A029-1535CFEF2F42}.Release|Any CPU.ActiveCfg = Release|Any CPU
		{A9813BD1-C657-443D-A029-1535CFEF2F42}.Release|Any CPU.Build.0 = Release|Any CPU
		{66AE9E6F-CE95-4A65-B47A-1D70A4BE8AB8}.Debug|Any CPU.ActiveCfg = Debug|Any CPU
		{66AE9E6F-CE95-4A65-B47A-1D70A4BE8AB8}.Debug|Any CPU.Build.0 = Debug|Any CPU
		{66AE9E6F-CE95-4A65-B47A-1D70A4BE8AB8}.Release|Any CPU.ActiveCfg = Release|Any CPU
		{66AE9E6F-CE95-4A65-B47A-1D70A4BE8AB8}.Release|Any CPU.Build.0 = Release|Any CPU
		{3560C5CE-FAF6-4A6C-8117-35FF37593FF2}.Debug|Any CPU.ActiveCfg = Debug|Any CPU
		{3560C5CE-FAF6-4A6C-8117-35FF37593FF2}.Debug|Any CPU.Build.0 = Debug|Any CPU
		{3560C5CE-FAF6-4A6C-8117-35FF37593FF2}.Release|Any CPU.ActiveCfg = Release|Any CPU
		{3560C5CE-FAF6-4A6C-8117-35FF37593FF2}.Release|Any CPU.Build.0 = Release|Any CPU
	EndGlobalSection
	GlobalSection(SolutionProperties) = preSolution
		HideSolutionNode = FALSE
	EndGlobalSection
	GlobalSection(NestedProjects) = preSolution
		{25FE7313-D690-4FF0-95D3-4AFE2F9ADD61} = {7F146D75-AEAD-4ABE-9351-B04BDFD074FD}
		{EAC9D013-6DC4-4860-9C84-62CE79189591} = {02EA681E-C7D8-13C7-8484-4AC65E1B71E8}
		{0D8C299B-3071-48CE-A404-B17EB9A3D49A} = {02EA681E-C7D8-13C7-8484-4AC65E1B71E8}
		{5E69C363-3126-49AD-AD3D-495B086F19E5} = {02EA681E-C7D8-13C7-8484-4AC65E1B71E8}
		{2FB25BAE-E6D7-4942-862A-7DA33EA5D36E} = {0D8C299B-3071-48CE-A404-B17EB9A3D49A}
		{3E912F1B-A544-46A0-BE23-AA4D8043125C} = {2FB25BAE-E6D7-4942-862A-7DA33EA5D36E}
		{32430AC5-C0F5-4AA7-9773-263AA67D5E54} = {5E69C363-3126-49AD-AD3D-495B086F19E5}
		{D5916149-0084-488E-8434-89EDA363D58F} = {02EA681E-C7D8-13C7-8484-4AC65E1B71E8}
		{ACF87FF9-744B-4783-B252-11FC7F4DB6E2} = {D5916149-0084-488E-8434-89EDA363D58F}
		{E6070EE9-EFD8-42C5-A690-E68BD63A6C31} = {D5916149-0084-488E-8434-89EDA363D58F}
		{970A7243-754C-4EA0-85E7-9DA351D6884D} = {D5916149-0084-488E-8434-89EDA363D58F}
		{F3D5E10D-6870-4280-9F38-002F1A85F506} = {D5916149-0084-488E-8434-89EDA363D58F}
		{F20C3D87-EBE3-417D-88D0-3160E69CA2CC} = {E6070EE9-EFD8-42C5-A690-E68BD63A6C31}
		{D684BC59-4674-4360-A6CA-D5D0BEFB7D9C} = {970A7243-754C-4EA0-85E7-9DA351D6884D}
		{E621C36B-886B-47B4-AF91-57F79D158E99} = {ACF87FF9-744B-4783-B252-11FC7F4DB6E2}
		{2C7F8F0D-209D-4A2C-A896-58CD441707CE} = {F3D5E10D-6870-4280-9F38-002F1A85F506}
		{5FD99F75-4C34-4EDC-A828-6ECB3E275F86} = {02EA681E-C7D8-13C7-8484-4AC65E1B71E8}
		{16CBCB51-80A7-4D2B-B4FE-6793F891A726} = {5FD99F75-4C34-4EDC-A828-6ECB3E275F86}
		{A94F4F0F-9FDF-48BF-81ED-171308DE853D} = {5FD99F75-4C34-4EDC-A828-6ECB3E275F86}
		{A29BB0E7-BA8D-42FF-9A20-5F294250E03A} = {5FD99F75-4C34-4EDC-A828-6ECB3E275F86}
		{B1A09D0D-7D9B-43BF-BF3E-3746F6888C55} = {5FD99F75-4C34-4EDC-A828-6ECB3E275F86}
		{99211BC6-5341-4FE7-9F43-3E625A60325A} = {16CBCB51-80A7-4D2B-B4FE-6793F891A726}
		{BA396AE5-BF4D-4E28-99AC-0B0565A9B715} = {A94F4F0F-9FDF-48BF-81ED-171308DE853D}
		{265873D5-8AF9-48DC-91DE-0495AAB63533} = {A29BB0E7-BA8D-42FF-9A20-5F294250E03A}
		{499C38BA-8254-4B26-970F-C97C88E139FB} = {B1A09D0D-7D9B-43BF-BF3E-3746F6888C55}
		{F7525CE9-046C-4D63-AE1F-48386F8B35D9} = {02EA681E-C7D8-13C7-8484-4AC65E1B71E8}
		{159317B2-4CE3-4897-BA61-CE40CF30133C} = {F7525CE9-046C-4D63-AE1F-48386F8B35D9}
		{E4518C36-4696-40D2-9579-866D529FCF2A} = {F7525CE9-046C-4D63-AE1F-48386F8B35D9}
		{58064A3D-41DC-4127-A78D-0924EDC8312E} = {F7525CE9-046C-4D63-AE1F-48386F8B35D9}
		{12024253-3FAC-4C2B-846E-A31E20AFFCBF} = {F7525CE9-046C-4D63-AE1F-48386F8B35D9}
		{A5166C66-7B79-459D-A490-72145CF74268} = {E4518C36-4696-40D2-9579-866D529FCF2A}
		{545C903A-5A32-49EB-8B96-E3BD6E0B78C4} = {58064A3D-41DC-4127-A78D-0924EDC8312E}
		{645725B2-5EC1-45DF-9FF9-FB04D5A5569A} = {159317B2-4CE3-4897-BA61-CE40CF30133C}
		{18FA4410-9EEC-4631-B179-6B01ED5998AA} = {12024253-3FAC-4C2B-846E-A31E20AFFCBF}
		{F7105DF1-E604-48FA-A89F-A9C483BB7148} = {02EA681E-C7D8-13C7-8484-4AC65E1B71E8}
		{FAE68677-C2DE-4837-8840-043636818055} = {F7105DF1-E604-48FA-A89F-A9C483BB7148}
		{E56B6241-0CC9-47CD-93FA-247C353E2804} = {F7105DF1-E604-48FA-A89F-A9C483BB7148}
		{859453C8-31A2-4717-8F7B-9F8B7FDFBBB3} = {F7105DF1-E604-48FA-A89F-A9C483BB7148}
		{4C63C5C8-B996-4A17-A96A-38911793846A} = {F7105DF1-E604-48FA-A89F-A9C483BB7148}
		{A9813BD1-C657-443D-A029-1535CFEF2F42} = {E56B6241-0CC9-47CD-93FA-247C353E2804}
		{66AE9E6F-CE95-4A65-B47A-1D70A4BE8AB8} = {859453C8-31A2-4717-8F7B-9F8B7FDFBBB3}
		{3560C5CE-FAF6-4A6C-8117-35FF37593FF2} = {FAE68677-C2DE-4837-8840-043636818055}
	EndGlobalSection
	GlobalSection(ExtensibilityGlobals) = postSolution
		SolutionGuid = {A6376AA4-0FED-4A15-988C-64CC36E6E690}
	EndGlobalSection
EndGlobal
