
Microsoft Visual Studio Solution File, Format Version 12.00
# Visual Studio Version 17
VisualStudioVersion = 17.14.36616.10
MinimumVisualStudioVersion = 10.0.40219.1
Project("{FAE04EC0-301F-11D3-BF4B-00C04F79EFBC}") = "DespachoJuridicoDESIMVC", "DespachoJuridicoDESIMVC\DespachoJuridicoDESIMVC.csproj", "{25FE7313-D690-4FF0-95D3-4AFE2F9ADD61}"
EndProject
Project("{FAE04EC0-301F-11D3-BF4B-00C04F79EFBC}") = "DespachoJuridicoDESIWebApi", "DespachoJuridicoDESIWebApi\DespachoJuridicoDESIWebApi.csproj", "{EAC9D013-6DC4-4860-9C84-62CE79189591}"
EndProject
Project("{2150E333-8FDC-42A3-9474-1A3956D46DE8}") = "Back", "Back", "{02EA681E-C7D8-13C7-8484-4AC65E1B71E8}"
EndProject
Project("{2150E333-8FDC-42A3-9474-1A3956D46DE8}") = "Front", "Front", "{7F146D75-AEAD-4ABE-9351-B04BDFD074FD}"
EndProject
Project("{2150E333-8FDC-42A3-9474-1A3956D46DE8}") = "InfrastructureCommon", "InfrastructureCommon", "{0D8C299B-3071-48CE-A404-B17EB9A3D49A}"
EndProject
Project("{2150E333-8FDC-42A3-9474-1A3956D46DE8}") = "DomainCommonModel", "DomainCommonModel", "{5E69C363-3126-49AD-AD3D-495B086F19E5}"
EndProject
Project("{2150E333-8FDC-42A3-9474-1A3956D46DE8}") = "Helpers", "Helpers", "{2FB25BAE-E6D7-4942-862A-7DA33EA5D36E}"
EndProject
Project("{FAE04EC0-301F-11D3-BF4B-00C04F79EFBC}") = "SqlProxy", "SqlProxy\SqlProxy.csproj", "{3E912F1B-A544-46A0-BE23-AA4D8043125C}"
EndProject
Project("{FAE04EC0-301F-11D3-BF4B-00C04F79EFBC}") = "Common.Domain", "Common.Domain\Common.Domain.csproj", "{32430AC5-C0F5-4AA7-9773-263AA67D5E54}"
EndProject
Project("{2150E333-8FDC-42A3-9474-1A3956D46DE8}") = "Autentication", "Autentication", "{D5916149-0084-488E-8434-89EDA363D58F}"
EndProject
Project("{2150E333-8FDC-42A3-9474-1A3956D46DE8}") = "Application", "Application", "{ACF87FF9-744B-4783-B252-11FC7F4DB6E2}"
EndProject
Project("{2150E333-8FDC-42A3-9474-1A3956D46DE8}") = "DomainModel", "DomainModel", "{E6070EE9-EFD8-42C5-A690-E68BD63A6C31}"
EndProject
Project("{2150E333-8FDC-42A3-9474-1A3956D46DE8}") = "Infrastructure", "Infrastructure", "{970A7243-754C-4EA0-85E7-9DA351D6884D}"
EndProject
Project("{2150E333-8FDC-42A3-9474-1A3956D46DE8}") = "Messages", "Messages", "{F3D5E10D-6870-4280-9F38-002F1A85F506}"
EndProject
Project("{FAE04EC0-301F-11D3-BF4B-00C04F79EFBC}") = "User.Domain", "User.Domain\User.Domain.csproj", "{F20C3D87-EBE3-417D-88D0-3160E69CA2CC}"
EndProject
Project("{FAE04EC0-301F-11D3-BF4B-00C04F79EFBC}") = "User.Proxy", "User.Proxy\User.Proxy.csproj", "{D684BC59-4674-4360-A6CA-D5D0BEFB7D9C}"
EndProject
Project("{FAE04EC0-301F-11D3-BF4B-00C04F79EFBC}") = "User.Application", "User.Application\User.Application.csproj", "{E621C36B-886B-47B4-AF91-57F79D158E99}"
EndProject
Project("{FAE04EC0-301F-11D3-BF4B-00C04F79EFBC}") = "User.Messages", "User.Messages\User.Messages.csproj", "{2C7F8F0D-209D-4A2C-A896-58CD441707CE}"
EndProject
Global
	GlobalSection(SolutionConfigurationPlatforms) = preSolution
		Debug|Any CPU = Debug|Any CPU
		Release|Any CPU = Release|Any CPU
	EndGlobalSection
	GlobalSection(ProjectConfigurationPlatforms) = postSolution
		{25FE7313-D690-4FF0-95D3-4AFE2F9ADD61}.Debug|Any CPU.ActiveCfg = Debug|Any CPU
		{25FE7313-D690-4FF0-95D3-4AFE2F9ADD61}.Debug|Any CPU.Build.0 = Debug|Any CPU
		{25FE7313-D690-4FF0-95D3-4AFE2F9ADD61}.Release|Any CPU.ActiveCfg = Release|Any CPU
		{25FE7313-D690-4FF0-95D3-4AFE2F9ADD61}.Release|Any CPU.Build.0 = Release|Any CPU
		{EAC9D013-6DC4-4860-9C84-62CE79189591}.Debug|Any CPU.ActiveCfg = Debug|Any CPU
		{EAC9D013-6DC4-4860-9C84-62CE79189591}.Debug|Any CPU.Build.0 = Debug|Any CPU
		{EAC9D013-6DC4-4860-9C84-62CE79189591}.Release|Any CPU.ActiveCfg = Release|Any CPU
		{EAC9D013-6DC4-4860-9C84-62CE79189591}.Release|Any CPU.Build.0 = Release|Any CPU
		{3E912F1B-A544-46A0-BE23-AA4D8043125C}.Debug|Any CPU.ActiveCfg = Debug|Any CPU
		{3E912F1B-A544-46A0-BE23-AA4D8043125C}.Debug|Any CPU.Build.0 = Debug|Any CPU
		{3E912F1B-A544-46A0-BE23-AA4D8043125C}.Release|Any CPU.ActiveCfg = Release|Any CPU
		{3E912F1B-A544-46A0-BE23-AA4D8043125C}.Release|Any CPU.Build.0 = Release|Any CPU
		{32430AC5-C0F5-4AA7-9773-263AA67D5E54}.Debug|Any CPU.ActiveCfg = Debug|Any CPU
		{32430AC5-C0F5-4AA7-9773-263AA67D5E54}.Debug|Any CPU.Build.0 = Debug|Any CPU
		{32430AC5-C0F5-4AA7-9773-263AA67D5E54}.Release|Any CPU.ActiveCfg = Release|Any CPU
		{32430AC5-C0F5-4AA7-9773-263AA67D5E54}.Release|Any CPU.Build.0 = Release|Any CPU
		{F20C3D87-EBE3-417D-88D0-3160E69CA2CC}.Debug|Any CPU.ActiveCfg = Debug|Any CPU
		{F20C3D87-EBE3-417D-88D0-3160E69CA2CC}.Debug|Any CPU.Build.0 = Debug|Any CPU
		{F20C3D87-EBE3-417D-88D0-3160E69CA2CC}.Release|Any CPU.ActiveCfg = Release|Any CPU
		{F20C3D87-EBE3-417D-88D0-3160E69CA2CC}.Release|Any CPU.Build.0 = Release|Any CPU
		{D684BC59-4674-4360-A6CA-D5D0BEFB7D9C}.Debug|Any CPU.ActiveCfg = Debug|Any CPU
		{D684BC59-4674-4360-A6CA-D5D0BEFB7D9C}.Debug|Any CPU.Build.0 = Debug|Any CPU
		{D684BC59-4674-4360-A6CA-D5D0BEFB7D9C}.Release|Any CPU.ActiveCfg = Release|Any CPU
		{D684BC59-4674-4360-A6CA-D5D0BEFB7D9C}.Release|Any CPU.Build.0 = Release|Any CPU
		{E621C36B-886B-47B4-AF91-57F79D158E99}.Debug|Any CPU.ActiveCfg = Debug|Any CPU
		{E621C36B-886B-47B4-AF91-57F79D158E99}.Debug|Any CPU.Build.0 = Debug|Any CPU
		{E621C36B-886B-47B4-AF91-57F79D158E99}.Release|Any CPU.ActiveCfg = Release|Any CPU
		{E621C36B-886B-47B4-AF91-57F79D158E99}.Release|Any CPU.Build.0 = Release|Any CPU
		{2C7F8F0D-209D-4A2C-A896-58CD441707CE}.Debug|Any CPU.ActiveCfg = Debug|Any CPU
		{2C7F8F0D-209D-4A2C-A896-58CD441707CE}.Debug|Any CPU.Build.0 = Debug|Any CPU
		{2C7F8F0D-209D-4A2C-A896-58CD441707CE}.Release|Any CPU.ActiveCfg = Release|Any CPU
		{2C7F8F0D-209D-4A2C-A896-58CD441707CE}.Release|Any CPU.Build.0 = Release|Any CPU
	EndGlobalSection
	GlobalSection(SolutionProperties) = preSolution
		HideSolutionNode = FALSE
	EndGlobalSection
	GlobalSection(NestedProjects) = preSolution
		{25FE7313-D690-4FF0-95D3-4AFE2F9ADD61} = {7F146D75-AEAD-4ABE-9351-B04BDFD074FD}
		{EAC9D013-6DC4-4860-9C84-62CE79189591} = {02EA681E-C7D8-13C7-8484-4AC65E1B71E8}
		{0D8C299B-3071-48CE-A404-B17EB9A3D49A} = {02EA681E-C7D8-13C7-8484-4AC65E1B71E8}
		{5E69C363-3126-49AD-AD3D-495B086F19E5} = {02EA681E-C7D8-13C7-8484-4AC65E1B71E8}
		{2FB25BAE-E6D7-4942-862A-7DA33EA5D36E} = {0D8C299B-3071-48CE-A404-B17EB9A3D49A}
		{3E912F1B-A544-46A0-BE23-AA4D8043125C} = {2FB25BAE-E6D7-4942-862A-7DA33EA5D36E}
		{32430AC5-C0F5-4AA7-9773-263AA67D5E54} = {5E69C363-3126-49AD-AD3D-495B086F19E5}
		{D5916149-0084-488E-8434-89EDA363D58F} = {02EA681E-C7D8-13C7-8484-4AC65E1B71E8}
		{ACF87FF9-744B-4783-B252-11FC7F4DB6E2} = {D5916149-0084-488E-8434-89EDA363D58F}
		{E6070EE9-EFD8-42C5-A690-E68BD63A6C31} = {D5916149-0084-488E-8434-89EDA363D58F}
		{970A7243-754C-4EA0-85E7-9DA351D6884D} = {D5916149-0084-488E-8434-89EDA363D58F}
		{F3D5E10D-6870-4280-9F38-002F1A85F506} = {D5916149-0084-488E-8434-89EDA363D58F}
		{F20C3D87-EBE3-417D-88D0-3160E69CA2CC} = {E6070EE9-EFD8-42C5-A690-E68BD63A6C31}
		{D684BC59-4674-4360-A6CA-D5D0BEFB7D9C} = {970A7243-754C-4EA0-85E7-9DA351D6884D}
		{E621C36B-886B-47B4-AF91-57F79D158E99} = {ACF87FF9-744B-4783-B252-11FC7F4DB6E2}
		{2C7F8F0D-209D-4A2C-A896-58CD441707CE} = {F3D5E10D-6870-4280-9F38-002F1A85F506}
	EndGlobalSection
	GlobalSection(ExtensibilityGlobals) = postSolution
		SolutionGuid = {A6376AA4-0FED-4A15-988C-64CC36E6E690}
	EndGlobalSection
EndGlobal
